{
  "name": "simplicitytest",
  "version": "1.0.0",
  "lockfileVersion": 1,
  "requires": true,
  "dependencies": {
    "big.js": {
      "version": "5.0.3",
      "resolved": "https://registry.npmjs.org/big.js/-/big.js-5.0.3.tgz",
      "integrity": "sha512-av8LNZGBl4cg2r4ZhWqghJOxi2P8UCcWhdmrFgcHPMmUJ6jx1FbnyxjwL4URYzMK3QJg60qeMefQhv9G14oYKA=="
    },
    "bignumber": {
      "version": "1.1.0",
      "resolved": "https://registry.npmjs.org/bignumber/-/bignumber-1.1.0.tgz",
      "integrity": "sha1-5qsKdD2l8+oBjlwXWX0SH3howVk="
    },
    "bignumber.js": {
      "version": "7.0.1",
      "resolved": "https://registry.npmjs.org/bignumber.js/-/bignumber.js-7.0.1.tgz",
      "integrity": "sha512-orXkDA6dhvrCTxYkWMDLIu8R1XWKfPWoJCkFeXOi/Rybl0FVUGHvgDYgUkWVn8fGa5mw2xy25VQGPPmrxfoZkQ=="
    }
  }
}
