{
  "requires": true,
  "lockfileVersion": 1,
  "dependencies": {
    "big.js": {
      "version": "5.0.3",
      "resolved": "https://registry.npmjs.org/big.js/-/big.js-5.0.3.tgz",
      "integrity": "sha512-av8LNZGBl4cg2r4ZhWqghJOxi2P8UCcWhdmrFgcHPMmUJ6jx1FbnyxjwL4URYzMK3QJg60qeMefQhv9G14oYKA=="
    }
  }
}
